{
  "version": 4,
  "terraform_version": "1.0.4",
  "serial": 4,
  "lineage": "fdd6d452-c696-6ab5-18bb-8bc738a8b1eb",
  "outputs": {},
  "resources": [
    {
      "mode": "managed",
      "type": "aws_key_pair",
      "name": "webhook_processor_kp",
      "provider": "provider[\"registry.terraform.io/hashicorp/aws\"]",
      "instances": [
        {
          "schema_version": 1,
          "attributes": {
            "arn": "arn:aws:ec2:us-east-1:393827257581:key-pair/webhook_processor_deploy",
            "fingerprint": "75:33:4d:65:e9:3f:6f:14:27:a9:6b:d5:e6:16:48:d6",
            "id": "webhook_processor_deploy",
            "key_name": "webhook_processor_deploy",
            "key_name_prefix": "",
            "key_pair_id": "key-0af566bbaca3c215c",
            "key_type": "rsa",
            "public_key": "ssh-rsa AAAAB3NzaC1yc2EAAAADAQABAAABgQDdX3f3vVqBlo9dJHvHipe5FTZEAKsa7d/lrcj1ZkgGIpPYLSsd7SxjnPcJAiH2bfZg9d0Ex2GQZp3UgELTGOTU0sKmYpb5GvBLnHxy4ghRR8G1nI1unHIFohSib09oSl3P0OojjlFu/zTLAXJOyYM/WhjpB8uvvqBVOhUzW83JCLjc2k7Dm2KOs8AKBfjtu3ZVl4thKslDOpxbSOknm3muwxRAjXrT3PpCOHpQZ8iqLa8Qtzk3d+BYw2UF2DVv1bUAvFyeVN9ZkM57WJVtdYhh2xLIJyhkzPYFJBNbWxo+ukNjgcfVrCGuaLLkC1KSwdVO5Iw130ihggG038F8G9/REQJHWE1C0rA1q+D04vTmorvkOGF8rvJ0CKNElSIVCJoU3uNO0Y9PP9Jo9vzZVcVK5IKXQeueRp8jt2XwHt7fL747AnF9e6ZAa9frM/A0LYnpJUSU6UJuobgGrMYQ6mm25/KtwKQgWjFENWyVlobTjw5V2SCs9V/h2KLhmdQfBH8= 52312@LAPTOP-T8UK6SBE",
            "tags": null,
            "tags_all": {}
          },
          "sensitive_attributes": [],
          "private": "eyJzY2hlbWFfdmVyc2lvbiI6IjEifQ=="
        }
      ]
    },
    {
      "mode": "managed",
      "type": "aws_security_group",
      "name": "webhook_processor_sg",
      "provider": "provider[\"registry.terraform.io/hashicorp/aws\"]",
      "instances": [
        {
          "schema_version": 1,
          "attributes": {
            "arn": "arn:aws:ec2:us-east-1:393827257581:security-group/sg-01719161fb55c644d",
            "description": "Allow all inbound ssh+http traffic",
            "egress": [
              {
                "cidr_blocks": [
                  "0.0.0.0/0"
                ],
                "description": "",
                "from_port": 0,
                "ipv6_cidr_blocks": [],
                "prefix_list_ids": [],
                "protocol": "-1",
                "security_groups": [],
                "self": false,
                "to_port": 0
              }
            ],
            "id": "sg-01719161fb55c644d",
            "ingress": [
              {
                "cidr_blocks": [
                  "0.0.0.0/0"
                ],
                "description": "",
                "from_port": 22,
                "ipv6_cidr_blocks": [],
                "prefix_list_ids": [],
                "protocol": "tcp",
                "security_groups": [],
                "self": false,
                "to_port": 22
              },
              {
                "cidr_blocks": [
                  "0.0.0.0/0"
                ],
                "description": "",
                "from_port": 80,
                "ipv6_cidr_blocks": [],
                "prefix_list_ids": [],
                "protocol": "tcp",
                "security_groups": [],
                "self": false,
                "to_port": 80
              }
            ],
            "name": "allow-all-sg",
            "name_prefix": "",
            "owner_id": "393827257581",
            "revoke_rules_on_delete": false,
            "tags": null,
            "tags_all": {},
            "timeouts": null,
            "vpc_id": "vpc-071132221f7e1c9b5"
          },
          "sensitive_attributes": [],
          "private": "eyJlMmJmYjczMC1lY2FhLTExZTYtOGY4OC0zNDM2M2JjN2M0YzAiOnsiY3JlYXRlIjo2MDAwMDAwMDAwMDAsImRlbGV0ZSI6OTAwMDAwMDAwMDAwfSwic2NoZW1hX3ZlcnNpb24iOiIxIn0="
        }
      ]
    }
  ]
}
